
Microsoft Visual Studio Solution File, Format Version 12.00
# Visual Studio 15
VisualStudioVersion = 15.0.28307.1684
MinimumVisualStudioVersion = 10.0.40219.1
Project("{8BC9CEB8-8B4A-11D0-8D11-00A0C91BC942}") = "HW", "HW\HW.vcxproj", "{A6179621-2736-4EFF-8C9D-4FA3C1F61369}"
EndProject
Global
	GlobalSection(SolutionConfigurationPlatforms) = preSolution
		Debug|x64 = Debug|x64
		Debug|x86 = Debug|x86
		Release|x64 = Release|x64
		Release|x86 = Release|x86
	EndGlobalSection
	GlobalSection(ProjectConfigurationPlatforms) = postSolution
		{A6179621-2736-4EFF-8C9D-4FA3C1F61369}.Debug|x64.ActiveCfg = Debug|x64
		{A6179621-2736-4EFF-8C9D-4FA3C1F61369}.Debug|x64.Build.0 = Debug|x64
		{A6179621-2736-4EFF-8C9D-4FA3C1F61369}.Debug|x86.ActiveCfg = Debug|Win32
		{A6179621-2736-4EFF-8C9D-4FA3C1F61369}.Debug|x86.Build.0 = Debug|Win32
		{A6179621-2736-4EFF-8C9D-4FA3C1F61369}.Release|x64.ActiveCfg = Release|x64
		{A6179621-2736-4EFF-8C9D-4FA3C1F61369}.Release|x64.Build.0 = Release|x64
		{A6179621-2736-4EFF-8C9D-4FA3C1F61369}.Release|x86.ActiveCfg = Release|Win32
		{A6179621-2736-4EFF-8C9D-4FA3C1F61369}.Release|x86.Build.0 = Release|Win32
	EndGlobalSection
	GlobalSection(SolutionProperties) = preSolution
		HideSolutionNode = FALSE
	EndGlobalSection
	GlobalSection(ExtensibilityGlobals) = postSolution
		SolutionGuid = {F7C9A946-7EF6-42B1-B9E9-B50736893759}
	EndGlobalSection
EndGlobal
